
Microsoft Visual Studio Solution File, Format Version 12.00
# Visual Studio 15
Project("{FAE04EC0-301F-11D3-BF4B-00C04F79EFBC}") = "participate_registration", "participate_registration.csproj", "{94A4AC96-6E7D-44DB-9D30-2AE01DB07400}"
EndProject
Global
	GlobalSection(SolutionConfigurationPlatforms) = preSolution
		Debug|Any CPU = Debug|Any CPU
		Release|Any CPU = Release|Any CPU
	EndGlobalSection
	GlobalSection(ProjectConfigurationPlatforms) = postSolution
		{94A4AC96-6E7D-44DB-9D30-2AE01DB07400}.Debug|Any CPU.ActiveCfg = Debug|Any CPU
		{94A4AC96-6E7D-44DB-9D30-2AE01DB07400}.Debug|Any CPU.Build.0 = Debug|Any CPU
		{94A4AC96-6E7D-44DB-9D30-2AE01DB07400}.Release|Any CPU.ActiveCfg = Release|Any CPU
		{94A4AC96-6E7D-44DB-9D30-2AE01DB07400}.Release|Any CPU.Build.0 = Release|Any CPU
	EndGlobalSection
EndGlobal
